
Microsoft Visual Studio Solution File, Format Version 12.00
# Visual Studio Version 16
VisualStudioVersion = 16.0.32510.428
MinimumVisualStudioVersion = 10.0.40219.1
Project("{FAE04EC0-301F-11D3-BF4B-00C04F79EFBC}") = "Bitcoin.Core", "Bitcoin.Core\Bitcoin.Core.csproj", "{B1F9A50F-7638-4596-8A9D-1CD1B94FA454}"
EndProject
Project("{FAE04EC0-301F-11D3-BF4B-00C04F79EFBC}") = "Bitcoin.Infrastructure", "Bitcoin.Infrastructure\Bitcoin.Infrastructure.csproj", "{62EC2F76-A045-4C9C-87D7-4C3148CBA48D}"
EndProject
Project("{FAE04EC0-301F-11D3-BF4B-00C04F79EFBC}") = "Bitcoin.API", "Bitcoin.API\Bitcoin.API.csproj", "{0A8BC3B0-8E40-4C00-8887-01284BB607C0}"
EndProject
Global
	GlobalSection(SolutionConfigurationPlatforms) = preSolution
		Debug|Any CPU = Debug|Any CPU
		Release|Any CPU = Release|Any CPU
	EndGlobalSection
	GlobalSection(ProjectConfigurationPlatforms) = postSolution
		{B1F9A50F-7638-4596-8A9D-1CD1B94FA454}.Debug|Any CPU.ActiveCfg = Debug|Any CPU
		{B1F9A50F-7638-4596-8A9D-1CD1B94FA454}.Debug|Any CPU.Build.0 = Debug|Any CPU
		{B1F9A50F-7638-4596-8A9D-1CD1B94FA454}.Release|Any CPU.ActiveCfg = Release|Any CPU
		{B1F9A50F-7638-4596-8A9D-1CD1B94FA454}.Release|Any CPU.Build.0 = Release|Any CPU
		{62EC2F76-A045-4C9C-87D7-4C3148CBA48D}.Debug|Any CPU.ActiveCfg = Debug|Any CPU
		{62EC2F76-A045-4C9C-87D7-4C3148CBA48D}.Debug|Any CPU.Build.0 = Debug|Any CPU
		{62EC2F76-A045-4C9C-87D7-4C3148CBA48D}.Release|Any CPU.ActiveCfg = Release|Any CPU
		{62EC2F76-A045-4C9C-87D7-4C3148CBA48D}.Release|Any CPU.Build.0 = Release|Any CPU
		{0A8BC3B0-8E40-4C00-8887-01284BB607C0}.Debug|Any CPU.ActiveCfg = Debug|Any CPU
		{0A8BC3B0-8E40-4C00-8887-01284BB607C0}.Debug|Any CPU.Build.0 = Debug|Any CPU
		{0A8BC3B0-8E40-4C00-8887-01284BB607C0}.Release|Any CPU.ActiveCfg = Release|Any CPU
		{0A8BC3B0-8E40-4C00-8887-01284BB607C0}.Release|Any CPU.Build.0 = Release|Any CPU
	EndGlobalSection
	GlobalSection(SolutionProperties) = preSolution
		HideSolutionNode = FALSE
	EndGlobalSection
	GlobalSection(ExtensibilityGlobals) = postSolution
		SolutionGuid = {651ABE6E-9385-4782-A046-504D94444F09}
	EndGlobalSection
EndGlobal
